
Microsoft Visual Studio Solution File, Format Version 12.00
# Visual Studio 14
VisualStudioVersion = 14.0.25420.1
MinimumVisualStudioVersion = 10.0.40219.1
Project("{FAE04EC0-301F-11D3-BF4B-00C04F79EFBC}") = "ModuleOne", "DEV204x\ModuleOne.csproj", "{0EE14A03-91E4-4225-B6A1-7D35641973FA}"
EndProject
Project("{FAE04EC0-301F-11D3-BF4B-00C04F79EFBC}") = "ModuleTwo", "ModuleTwo\ModuleTwo.csproj", "{C281F97A-0CB5-471B-A866-D80714ADDF75}"
EndProject
Project("{FAE04EC0-301F-11D3-BF4B-00C04F79EFBC}") = "ModuleThree", "ModuleThree\ModuleThree.csproj", "{98575A2B-F0EA-411B-A354-5A5548E647E7}"
EndProject
Global
	GlobalSection(SolutionConfigurationPlatforms) = preSolution
		Debug|Any CPU = Debug|Any CPU
		Release|Any CPU = Release|Any CPU
	EndGlobalSection
	GlobalSection(ProjectConfigurationPlatforms) = postSolution
		{0EE14A03-91E4-4225-B6A1-7D35641973FA}.Debug|Any CPU.ActiveCfg = Debug|Any CPU
		{0EE14A03-91E4-4225-B6A1-7D35641973FA}.Debug|Any CPU.Build.0 = Debug|Any CPU
		{0EE14A03-91E4-4225-B6A1-7D35641973FA}.Release|Any CPU.ActiveCfg = Release|Any CPU
		{0EE14A03-91E4-4225-B6A1-7D35641973FA}.Release|Any CPU.Build.0 = Release|Any CPU
		{C281F97A-0CB5-471B-A866-D80714ADDF75}.Debug|Any CPU.ActiveCfg = Debug|Any CPU
		{C281F97A-0CB5-471B-A866-D80714ADDF75}.Debug|Any CPU.Build.0 = Debug|Any CPU
		{C281F97A-0CB5-471B-A866-D80714ADDF75}.Release|Any CPU.ActiveCfg = Release|Any CPU
		{C281F97A-0CB5-471B-A866-D80714ADDF75}.Release|Any CPU.Build.0 = Release|Any CPU
		{98575A2B-F0EA-411B-A354-5A5548E647E7}.Debug|Any CPU.ActiveCfg = Debug|Any CPU
		{98575A2B-F0EA-411B-A354-5A5548E647E7}.Debug|Any CPU.Build.0 = Debug|Any CPU
		{98575A2B-F0EA-411B-A354-5A5548E647E7}.Release|Any CPU.ActiveCfg = Release|Any CPU
		{98575A2B-F0EA-411B-A354-5A5548E647E7}.Release|Any CPU.Build.0 = Release|Any CPU
	EndGlobalSection
	GlobalSection(SolutionProperties) = preSolution
		HideSolutionNode = FALSE
	EndGlobalSection
EndGlobal
